
Microsoft Visual Studio Solution File, Format Version 12.00
# Visual Studio 15
VisualStudioVersion = 15.0.27130.2026
MinimumVisualStudioVersion = 10.0.40219.1
Project("{FAE04EC0-301F-11D3-BF4B-00C04F79EFBC}") = "Xamarin.TVScripts.Android", "Xamarin.TVScripts.Android\Xamarin.TVScripts.Android.csproj", "{8CAACF93-07CC-4740-B94B-9E925223B83E}"
EndProject
Project("{9A19103F-16F7-4668-BE54-9A1E7A4F7556}") = "Xamarin.TVScripts", "Xamarin.TVScripts\Xamarin.TVScripts.csproj", "{CEDDDE2F-401B-4E1F-9FB0-D1CE515686DC}"
EndProject
Project("{FAE04EC0-301F-11D3-BF4B-00C04F79EFBC}") = "TVScripts.Scraping", "TVScripts.Scraping\TVScripts.Scraping.csproj", "{B62A366A-CE0F-4D4D-B219-63030A6D5D67}"
EndProject
Project("{FAE04EC0-301F-11D3-BF4B-00C04F79EFBC}") = "TVScripts.Core", "TVScripts.Core\TVScripts.Core.csproj", "{93FF158B-313D-40CA-B44D-726056F0AD72}"
EndProject
Global
	GlobalSection(SolutionConfigurationPlatforms) = preSolution
		Debug|Any CPU = Debug|Any CPU
		Release|Any CPU = Release|Any CPU
	EndGlobalSection
	GlobalSection(ProjectConfigurationPlatforms) = postSolution
		{8CAACF93-07CC-4740-B94B-9E925223B83E}.Debug|Any CPU.ActiveCfg = Debug|Any CPU
		{8CAACF93-07CC-4740-B94B-9E925223B83E}.Debug|Any CPU.Build.0 = Debug|Any CPU
		{8CAACF93-07CC-4740-B94B-9E925223B83E}.Debug|Any CPU.Deploy.0 = Debug|Any CPU
		{8CAACF93-07CC-4740-B94B-9E925223B83E}.Release|Any CPU.ActiveCfg = Release|Any CPU
		{8CAACF93-07CC-4740-B94B-9E925223B83E}.Release|Any CPU.Build.0 = Release|Any CPU
		{8CAACF93-07CC-4740-B94B-9E925223B83E}.Release|Any CPU.Deploy.0 = Release|Any CPU
		{CEDDDE2F-401B-4E1F-9FB0-D1CE515686DC}.Debug|Any CPU.ActiveCfg = Debug|Any CPU
		{CEDDDE2F-401B-4E1F-9FB0-D1CE515686DC}.Debug|Any CPU.Build.0 = Debug|Any CPU
		{CEDDDE2F-401B-4E1F-9FB0-D1CE515686DC}.Release|Any CPU.ActiveCfg = Release|Any CPU
		{CEDDDE2F-401B-4E1F-9FB0-D1CE515686DC}.Release|Any CPU.Build.0 = Release|Any CPU
		{B62A366A-CE0F-4D4D-B219-63030A6D5D67}.Debug|Any CPU.ActiveCfg = Debug|Any CPU
		{B62A366A-CE0F-4D4D-B219-63030A6D5D67}.Debug|Any CPU.Build.0 = Debug|Any CPU
		{B62A366A-CE0F-4D4D-B219-63030A6D5D67}.Release|Any CPU.ActiveCfg = Release|Any CPU
		{B62A366A-CE0F-4D4D-B219-63030A6D5D67}.Release|Any CPU.Build.0 = Release|Any CPU
		{93FF158B-313D-40CA-B44D-726056F0AD72}.Debug|Any CPU.ActiveCfg = Debug|Any CPU
		{93FF158B-313D-40CA-B44D-726056F0AD72}.Debug|Any CPU.Build.0 = Debug|Any CPU
		{93FF158B-313D-40CA-B44D-726056F0AD72}.Release|Any CPU.ActiveCfg = Release|Any CPU
		{93FF158B-313D-40CA-B44D-726056F0AD72}.Release|Any CPU.Build.0 = Release|Any CPU
	EndGlobalSection
	GlobalSection(SolutionProperties) = preSolution
		HideSolutionNode = FALSE
	EndGlobalSection
	GlobalSection(ExtensibilityGlobals) = postSolution
		SolutionGuid = {48FD6496-25BA-4310-8AF2-1EB03DA3B70F}
	EndGlobalSection
EndGlobal
